
Microsoft Visual Studio Solution File, Format Version 12.00
# Visual Studio Version 17
VisualStudioVersion = 17.3.32825.248
MinimumVisualStudioVersion = 10.0.40219.1
Project("{2150E333-8FDC-42A3-9474-1A3956D46DE8}") = "src", "src", "{ADD6CCB9-2AFF-4651-8DFB-3B32E92BC759}"
EndProject
Project("{2150E333-8FDC-42A3-9474-1A3956D46DE8}") = "Server", "Server", "{A3C5609A-8FDF-4B2D-80C8-0CD3FECA2470}"
EndProject
Project("{9A19103F-16F7-4668-BE54-9A1E7A4F7556}") = "Api", "src\Server\Api\Api.csproj", "{A7FCB3DB-6E4F-4823-8816-569F7434F574}"
EndProject
Project("{9A19103F-16F7-4668-BE54-9A1E7A4F7556}") = "Domain", "src\Server\Domain\Domain.csproj", "{F675B3A1-2DB3-477F-8DB9-B21466E544DE}"
EndProject
Project("{9A19103F-16F7-4668-BE54-9A1E7A4F7556}") = "Infrastructure", "src\Server\Infrastructure\Infrastructure.csproj", "{3C8CBE71-B40B-4325-BBC2-9C74900896DA}"
EndProject
Project("{9A19103F-16F7-4668-BE54-9A1E7A4F7556}") = "Application", "src\Server\Application\Application.csproj", "{EAE0225F-321C-42E0-A21E-F5CA02F74C31}"
EndProject
Project("{9A19103F-16F7-4668-BE54-9A1E7A4F7556}") = "SharedKernel", "src\Server\SharedKernel\SharedKernel.csproj", "{2DB344D2-12E3-4C60-9AAA-CFE4809E091D}"
EndProject
Project("{9A19103F-16F7-4668-BE54-9A1E7A4F7556}") = "Abstraction", "src\Server\Abstraction\Abstraction.csproj", "{FD632C9A-7040-442F-9153-0398CD1F473F}"
EndProject
Project("{2150E333-8FDC-42A3-9474-1A3956D46DE8}") = "tests", "tests", "{57D9A6C2-4DF3-4BB4-AC61-320BFB58E4FD}"
EndProject
Project("{2150E333-8FDC-42A3-9474-1A3956D46DE8}") = "Unit", "Unit", "{43362A04-CD17-4C28-B1DC-884B48C6AA06}"
EndProject
Project("{54A90642-561A-4BB1-A94E-469ADEE60C69}") = "Client", "src\client\Client.esproj", "{B3676329-D92E-42FF-B3F0-8F1D7FA442F1}"
EndProject
Global
	GlobalSection(SolutionConfigurationPlatforms) = preSolution
		Debug|Any CPU = Debug|Any CPU
		Release|Any CPU = Release|Any CPU
	EndGlobalSection
	GlobalSection(ProjectConfigurationPlatforms) = postSolution
		{A7FCB3DB-6E4F-4823-8816-569F7434F574}.Debug|Any CPU.ActiveCfg = Debug|Any CPU
		{A7FCB3DB-6E4F-4823-8816-569F7434F574}.Debug|Any CPU.Build.0 = Debug|Any CPU
		{A7FCB3DB-6E4F-4823-8816-569F7434F574}.Release|Any CPU.ActiveCfg = Release|Any CPU
		{A7FCB3DB-6E4F-4823-8816-569F7434F574}.Release|Any CPU.Build.0 = Release|Any CPU
		{F675B3A1-2DB3-477F-8DB9-B21466E544DE}.Debug|Any CPU.ActiveCfg = Debug|Any CPU
		{F675B3A1-2DB3-477F-8DB9-B21466E544DE}.Debug|Any CPU.Build.0 = Debug|Any CPU
		{F675B3A1-2DB3-477F-8DB9-B21466E544DE}.Release|Any CPU.ActiveCfg = Release|Any CPU
		{F675B3A1-2DB3-477F-8DB9-B21466E544DE}.Release|Any CPU.Build.0 = Release|Any CPU
		{3C8CBE71-B40B-4325-BBC2-9C74900896DA}.Debug|Any CPU.ActiveCfg = Debug|Any CPU
		{3C8CBE71-B40B-4325-BBC2-9C74900896DA}.Debug|Any CPU.Build.0 = Debug|Any CPU
		{3C8CBE71-B40B-4325-BBC2-9C74900896DA}.Release|Any CPU.ActiveCfg = Release|Any CPU
		{3C8CBE71-B40B-4325-BBC2-9C74900896DA}.Release|Any CPU.Build.0 = Release|Any CPU
		{EAE0225F-321C-42E0-A21E-F5CA02F74C31}.Debug|Any CPU.ActiveCfg = Debug|Any CPU
		{EAE0225F-321C-42E0-A21E-F5CA02F74C31}.Debug|Any CPU.Build.0 = Debug|Any CPU
		{EAE0225F-321C-42E0-A21E-F5CA02F74C31}.Release|Any CPU.ActiveCfg = Release|Any CPU
		{EAE0225F-321C-42E0-A21E-F5CA02F74C31}.Release|Any CPU.Build.0 = Release|Any CPU
		{2DB344D2-12E3-4C60-9AAA-CFE4809E091D}.Debug|Any CPU.ActiveCfg = Debug|Any CPU
		{2DB344D2-12E3-4C60-9AAA-CFE4809E091D}.Debug|Any CPU.Build.0 = Debug|Any CPU
		{2DB344D2-12E3-4C60-9AAA-CFE4809E091D}.Release|Any CPU.ActiveCfg = Release|Any CPU
		{2DB344D2-12E3-4C60-9AAA-CFE4809E091D}.Release|Any CPU.Build.0 = Release|Any CPU
		{FD632C9A-7040-442F-9153-0398CD1F473F}.Debug|Any CPU.ActiveCfg = Debug|Any CPU
		{FD632C9A-7040-442F-9153-0398CD1F473F}.Debug|Any CPU.Build.0 = Debug|Any CPU
		{FD632C9A-7040-442F-9153-0398CD1F473F}.Release|Any CPU.ActiveCfg = Release|Any CPU
		{FD632C9A-7040-442F-9153-0398CD1F473F}.Release|Any CPU.Build.0 = Release|Any CPU
		{B3676329-D92E-42FF-B3F0-8F1D7FA442F1}.Debug|Any CPU.ActiveCfg = Debug|Any CPU
		{B3676329-D92E-42FF-B3F0-8F1D7FA442F1}.Debug|Any CPU.Build.0 = Debug|Any CPU
		{B3676329-D92E-42FF-B3F0-8F1D7FA442F1}.Debug|Any CPU.Deploy.0 = Debug|Any CPU
		{B3676329-D92E-42FF-B3F0-8F1D7FA442F1}.Release|Any CPU.ActiveCfg = Release|Any CPU
		{B3676329-D92E-42FF-B3F0-8F1D7FA442F1}.Release|Any CPU.Build.0 = Release|Any CPU
		{B3676329-D92E-42FF-B3F0-8F1D7FA442F1}.Release|Any CPU.Deploy.0 = Release|Any CPU
	EndGlobalSection
	GlobalSection(SolutionProperties) = preSolution
		HideSolutionNode = FALSE
	EndGlobalSection
	GlobalSection(NestedProjects) = preSolution
		{A3C5609A-8FDF-4B2D-80C8-0CD3FECA2470} = {ADD6CCB9-2AFF-4651-8DFB-3B32E92BC759}
		{A7FCB3DB-6E4F-4823-8816-569F7434F574} = {A3C5609A-8FDF-4B2D-80C8-0CD3FECA2470}
		{F675B3A1-2DB3-477F-8DB9-B21466E544DE} = {A3C5609A-8FDF-4B2D-80C8-0CD3FECA2470}
		{3C8CBE71-B40B-4325-BBC2-9C74900896DA} = {A3C5609A-8FDF-4B2D-80C8-0CD3FECA2470}
		{EAE0225F-321C-42E0-A21E-F5CA02F74C31} = {A3C5609A-8FDF-4B2D-80C8-0CD3FECA2470}
		{2DB344D2-12E3-4C60-9AAA-CFE4809E091D} = {A3C5609A-8FDF-4B2D-80C8-0CD3FECA2470}
		{FD632C9A-7040-442F-9153-0398CD1F473F} = {A3C5609A-8FDF-4B2D-80C8-0CD3FECA2470}
		{43362A04-CD17-4C28-B1DC-884B48C6AA06} = {57D9A6C2-4DF3-4BB4-AC61-320BFB58E4FD}
		{B3676329-D92E-42FF-B3F0-8F1D7FA442F1} = {ADD6CCB9-2AFF-4651-8DFB-3B32E92BC759}
	EndGlobalSection
	GlobalSection(ExtensibilityGlobals) = postSolution
		SolutionGuid = {36D32C2D-71B8-4507-9A2C-4A9101FD8445}
	EndGlobalSection
EndGlobal
